// !$*UTF8*$!
{
	archiveVersion = 1;
	classes = {
	};
	objectVersion = 50;
	objects = {

/* Begin PBXBuildFile section */
		DA2ABE22235501F100ED8128 /* AppDelegate.swift in Sources */ = {isa = PBXBuildFile; fileRef = DA2ABE21235501F100ED8128 /* AppDelegate.swift */; };
		DA2ABE24235501F100ED8128 /* SceneDelegate.swift in Sources */ = {isa = PBXBuildFile; fileRef = DA2ABE23235501F100ED8128 /* SceneDelegate.swift */; };
		DA2ABE26235501F100ED8128 /* ViewController.swift in Sources */ = {isa = PBXBuildFile; fileRef = DA2ABE25235501F100ED8128 /* ViewController.swift */; };
		DA2ABE29235501F100ED8128 /* Main.storyboard in Resources */ = {isa = PBXBuildFile; fileRef = DA2ABE27235501F100ED8128 /* Main.storyboard */; };
		DA2ABE2B235501F200ED8128 /* Assets.xcassets in Resources */ = {isa = PBXBuildFile; fileRef = DA2ABE2A235501F200ED8128 /* Assets.xcassets */; };
		DA2ABE2E235501F200ED8128 /* LaunchScreen.storyboard in Resources */ = {isa = PBXBuildFile; fileRef = DA2ABE2C235501F200ED8128 /* LaunchScreen.storyboard */; };
		DA2ABE39235501F200ED8128 /* CalculatorStoryboardTests.swift in Sources */ = {isa = PBXBuildFile; fileRef = DA2ABE38235501F200ED8128 /* CalculatorStoryboardTests.swift */; };
		DA2ABE44235501F200ED8128 /* CalculatorStoryboardUITests.swift in Sources */ = {isa = PBXBuildFile; fileRef = DA2ABE43235501F200ED8128 /* CalculatorStoryboardUITests.swift */; };
/* End PBXBuildFile section */

/* Begin PBXContainerItemProxy section */
		DA2ABE35235501F200ED8128 /* PBXContainerItemProxy */ = {
			isa = PBXContainerItemProxy;
			containerPortal = DA2ABE16235501F100ED8128 /* Project object */;
			proxyType = 1;
			remoteGlobalIDString = DA2ABE1D235501F100ED8128;
			remoteInfo = CalculatorStoryboard;
		};
		DA2ABE40235501F200ED8128 /* PBXContainerItemProxy */ = {
			isa = PBXContainerItemProxy;
			containerPortal = DA2ABE16235501F100ED8128 /* Project object */;
			proxyType = 1;
			remoteGlobalIDString = DA2ABE1D235501F100ED8128;
			remoteInfo = CalculatorStoryboard;
		};
/* End PBXContainerItemProxy section */

/* Begin PBXFileReference section */
		DA2ABE1E235501F100ED8128 /* CalculatorStoryboard.app */ = {isa = PBXFileReference; explicitFileType = wrapper.application; includeInIndex = 0; path = CalculatorStoryboard.app; sourceTree = BUILT_PRODUCTS_DIR; };
		DA2ABE21235501F100ED8128 /* AppDelegate.swift */ = {isa = PBXFileReference; lastKnownFileType = sourcecode.swift; path = AppDelegate.swift; sourceTree = "<group>"; };
		DA2ABE23235501F100ED8128 /* SceneDelegate.swift */ = {isa = PBXFileReference; lastKnownFileType = sourcecode.swift; path = SceneDelegate.swift; sourceTree = "<group>"; };
		DA2ABE25235501F100ED8128 /* ViewController.swift */ = {isa = PBXFileReference; lastKnownFileType = sourcecode.swift; path = ViewController.swift; sourceTree = "<group>"; };
		DA2ABE28235501F100ED8128 /* Base */ = {isa = PBXFileReference; lastKnownFileType = file.storyboard; name = Base; path = Base.lproj/Main.storyboard; sourceTree = "<group>"; };
		DA2ABE2A235501F200ED8128 /* Assets.xcassets */ = {isa = PBXFileReference; lastKnownFileType = folder.assetcatalog; path = Assets.xcassets; sourceTree = "<group>"; };
		DA2ABE2D235501F200ED8128 /* Base */ = {isa = PBXFileReference; lastKnownFileType = file.storyboard; name = Base; path = Base.lproj/LaunchScreen.storyboard; sourceTree = "<group>"; };
		DA2ABE2F235501F200ED8128 /* Info.plist */ = {isa = PBXFileReference; lastKnownFileType = text.plist.xml; path = Info.plist; sourceTree = "<group>"; };
		DA2ABE34235501F200ED8128 /* CalculatorStoryboardTests.xctest */ = {isa = PBXFileReference; explicitFileType = wrapper.cfbundle; includeInIndex = 0; path = CalculatorStoryboardTests.xctest; sourceTree = BUILT_PRODUCTS_DIR; };
		DA2ABE38235501F200ED8128 /* CalculatorStoryboardTests.swift */ = {isa = PBXFileReference; lastKnownFileType = sourcecode.swift; path = CalculatorStoryboardTests.swift; sourceTree = "<group>"; };
		DA2ABE3A235501F200ED8128 /* Info.plist */ = {isa = PBXFileReference; lastKnownFileType = text.plist.xml; path = Info.plist; sourceTree = "<group>"; };
		DA2ABE3F235501F200ED8128 /* CalculatorStoryboardUITests.xctest */ = {isa = PBXFileReference; explicitFileType = wrapper.cfbundle; includeInIndex = 0; path = CalculatorStoryboardUITests.xctest; sourceTree = BUILT_PRODUCTS_DIR; };
		DA2ABE43235501F200ED8128 /* CalculatorStoryboardUITests.swift */ = {isa = PBXFileReference; lastKnownFileType = sourcecode.swift; path = CalculatorStoryboardUITests.swift; sourceTree = "<group>"; };
		DA2ABE45235501F200ED8128 /* Info.plist */ = {isa = PBXFileReference; lastKnownFileType = text.plist.xml; path = Info.plist; sourceTree = "<group>"; };
/* End PBXFileReference section */

/* Begin PBXFrameworksBuildPhase section */
		DA2ABE1B235501F100ED8128 /* Frameworks */ = {
			isa = PBXFrameworksBuildPhase;
			buildActionMask = 2147483647;
			files = (
			);
			runOnlyForDeploymentPostprocessing = 0;
		};
		DA2ABE31235501F200ED8128 /* Frameworks */ = {
			isa = PBXFrameworksBuildPhase;
			buildActionMask = 2147483647;
			files = (
			);
			runOnlyForDeploymentPostprocessing = 0;
		};
		DA2ABE3C235501F200ED8128 /* Frameworks */ = {
			isa = PBXFrameworksBuildPhase;
			buildActionMask = 2147483647;
			files = (
			);
			runOnlyForDeploymentPostprocessing = 0;
		};
/* End PBXFrameworksBuildPhase section */

/* Begin PBXGroup section */
		DA2ABE15235501F100ED8128 = {
			isa = PBXGroup;
			children = (
				DA2ABE20235501F100ED8128 /* CalculatorStoryboard */,
				DA2ABE37235501F200ED8128 /* CalculatorStoryboardTests */,
				DA2ABE42235501F200ED8128 /* CalculatorStoryboardUITests */,
				DA2ABE1F235501F100ED8128 /* Products */,
			);
			sourceTree = "<group>";
		};
		DA2ABE1F235501F100ED8128 /* Products */ = {
			isa = PBXGroup;
			children = (
				DA2ABE1E235501F100ED8128 /* CalculatorStoryboard.app */,
				DA2ABE34235501F200ED8128 /* CalculatorStoryboardTests.xctest */,
				DA2ABE3F235501F200ED8128 /* CalculatorStoryboardUITests.xctest */,
			);
			name = Products;
			sourceTree = "<group>";
		};
		DA2ABE20235501F100ED8128 /* CalculatorStoryboard */ = {
			isa = PBXGroup;
			children = (
				DA2ABE21235501F100ED8128 /* AppDelegate.swift */,
				DA2ABE23235501F100ED8128 /* SceneDelegate.swift */,
				DA2ABE25235501F100ED8128 /* ViewController.swift */,
				DA2ABE27235501F100ED8128 /* Main.storyboard */,
				DA2ABE2A235501F200ED8128 /* Assets.xcassets */,
				DA2ABE2C235501F200ED8128 /* LaunchScreen.storyboard */,
				DA2ABE2F235501F200ED8128 /* Info.plist */,
			);
			path = CalculatorStoryboard;
			sourceTree = "<group>";
		};
		DA2ABE37235501F200ED8128 /* CalculatorStoryboardTests */ = {
			isa = PBXGroup;
			children = (
				DA2ABE38235501F200ED8128 /* CalculatorStoryboardTests.swift */,
				DA2ABE3A235501F200ED8128 /* Info.plist */,
			);
			path = CalculatorStoryboardTests;
			sourceTree = "<group>";
		};
		DA2ABE42235501F200ED8128 /* CalculatorStoryboardUITests */ = {
			isa = PBXGroup;
			children = (
				DA2ABE43235501F200ED8128 /* CalculatorStoryboardUITests.swift */,
				DA2ABE45235501F200ED8128 /* Info.plist */,
			);
			path = CalculatorStoryboardUITests;
			sourceTree = "<group>";
		};
/* End PBXGroup section */

/* Begin PBXNativeTarget section */
		DA2ABE1D235501F100ED8128 /* CalculatorStoryboard */ = {
			isa = PBXNativeTarget;
			buildConfigurationList = DA2ABE48235501F200ED8128 /* Build configuration list for PBXNativeTarget "CalculatorStoryboard" */;
			buildPhases = (
				DA2ABE1A235501F100ED8128 /* Sources */,
				DA2ABE1B235501F100ED8128 /* Frameworks */,
				DA2ABE1C235501F100ED8128 /* Resources */,
			);
			buildRules = (
			);
			dependencies = (
			);
			name = CalculatorStoryboard;
			productName = CalculatorStoryboard;
			productReference = DA2ABE1E235501F100ED8128 /* CalculatorStoryboard.app */;
			productType = "com.apple.product-type.application";
		};
		DA2ABE33235501F200ED8128 /* CalculatorStoryboardTests */ = {
			isa = PBXNativeTarget;
			buildConfigurationList = DA2ABE4B235501F200ED8128 /* Build configuration list for PBXNativeTarget "CalculatorStoryboardTests" */;
			buildPhases = (
				DA2ABE30235501F200ED8128 /* Sources */,
				DA2ABE31235501F200ED8128 /* Frameworks */,
				DA2ABE32235501F200ED8128 /* Resources */,
			);
			buildRules = (
			);
			dependencies = (
				DA2ABE36235501F200ED8128 /* PBXTargetDependency */,
			);
			name = CalculatorStoryboardTests;
			productName = CalculatorStoryboardTests;
			productReference = DA2ABE34235501F200ED8128 /* CalculatorStoryboardTests.xctest */;
			productType = "com.apple.product-type.bundle.unit-test";
		};
		DA2ABE3E235501F200ED8128 /* CalculatorStoryboardUITests */ = {
			isa = PBXNativeTarget;
			buildConfigurationList = DA2ABE4E235501F200ED8128 /* Build configuration list for PBXNativeTarget "CalculatorStoryboardUITests" */;
			buildPhases = (
				DA2ABE3B235501F200ED8128 /* Sources */,
				DA2ABE3C235501F200ED8128 /* Frameworks */,
				DA2ABE3D235501F200ED8128 /* Resources */,
			);
			buildRules = (
			);
			dependencies = (
				DA2ABE41235501F200ED8128 /* PBXTargetDependency */,
			);
			name = CalculatorStoryboardUITests;
			productName = CalculatorStoryboardUITests;
			productReference = DA2ABE3F235501F200ED8128 /* CalculatorStoryboardUITests.xctest */;
			productType = "com.apple.product-type.bundle.ui-testing";
		};
/* End PBXNativeTarget section */

/* Begin PBXProject section */
		DA2ABE16235501F100ED8128 /* Project object */ = {
			isa = PBXProject;
			attributes = {
				LastSwiftUpdateCheck = 1100;
				LastUpgradeCheck = 1100;
				ORGANIZATIONNAME = "Pavlo Olshansky";
				TargetAttributes = {
					DA2ABE1D235501F100ED8128 = {
						CreatedOnToolsVersion = 11.0;
					};
					DA2ABE33235501F200ED8128 = {
						CreatedOnToolsVersion = 11.0;
						TestTargetID = DA2ABE1D235501F100ED8128;
					};
					DA2ABE3E235501F200ED8128 = {
						CreatedOnToolsVersion = 11.0;
						TestTargetID = DA2ABE1D235501F100ED8128;
					};
				};
			};
			buildConfigurationList = DA2ABE19235501F100ED8128 /* Build configuration list for PBXProject "CalculatorStoryboard" */;
			compatibilityVersion = "Xcode 9.3";
			developmentRegion = en;
			hasScannedForEncodings = 0;
			knownRegions = (
				en,
				Base,
			);
			mainGroup = DA2ABE15235501F100ED8128;
			productRefGroup = DA2ABE1F235501F100ED8128 /* Products */;
			projectDirPath = "";
			projectRoot = "";
			targets = (
				DA2ABE1D235501F100ED8128 /* CalculatorStoryboard */,
				DA2ABE33235501F200ED8128 /* CalculatorStoryboardTests */,
				DA2ABE3E235501F200ED8128 /* CalculatorStoryboardUITests */,
			);
		};
/* End PBXProject section */

/* Begin PBXResourcesBuildPhase section */
		DA2ABE1C235501F100ED8128 /* Resources */ = {
			isa = PBXResourcesBuildPhase;
			buildActionMask = 2147483647;
			files = (
				DA2ABE2E235501F200ED8128 /* LaunchScreen.storyboard in Resources */,
				DA2ABE2B235501F200ED8128 /* Assets.xcassets in Resources */,
				DA2ABE29235501F100ED8128 /* Main.storyboard in Resources */,
			);
			runOnlyForDeploymentPostprocessing = 0;
		};
		DA2ABE32235501F200ED8128 /* Resources */ = {
			isa = PBXResourcesBuildPhase;
			buildActionMask = 2147483647;
			files = (
			);
			runOnlyForDeploymentPostprocessing = 0;
		};
		DA2ABE3D235501F200ED8128 /* Resources */ = {
			isa = PBXResourcesBuildPhase;
			buildActionMask = 2147483647;
			files = (
			);
			runOnlyForDeploymentPostprocessing = 0;
		};
/* End PBXResourcesBuildPhase section */

/* Begin PBXSourcesBuildPhase section */
		DA2ABE1A235501F100ED8128 /* Sources */ = {
			isa = PBXSourcesBuildPhase;
			buildActionMask = 2147483647;
			files = (
				DA2ABE26235501F100ED8128 /* ViewController.swift in Sources */,
				DA2ABE22235501F100ED8128 /* AppDelegate.swift in Sources */,
				DA2ABE24235501F100ED8128 /* SceneDelegate.swift in Sources */,
			);
			runOnlyForDeploymentPostprocessing = 0;
		};
		DA2ABE30235501F200ED8128 /* Sources */ = {
			isa = PBXSourcesBuildPhase;
			buildActionMask = 2147483647;
			files = (
				DA2ABE39235501F200ED8128 /* CalculatorStoryboardTests.swift in Sources */,
			);
			runOnlyForDeploymentPostprocessing = 0;
		};
		DA2ABE3B235501F200ED8128 /* Sources */ = {
			isa = PBXSourcesBuildPhase;
			buildActionMask = 2147483647;
			files = (
				DA2ABE44235501F200ED8128 /* CalculatorStoryboardUITests.swift in Sources */,
			);
			runOnlyForDeploymentPostprocessing = 0;
		};
/* End PBXSourcesBuildPhase section */

/* Begin PBXTargetDependency section */
		DA2ABE36235501F200ED8128 /* PBXTargetDependency */ = {
			isa = PBXTargetDependency;
			target = DA2ABE1D235501F100ED8128 /* CalculatorStoryboard */;
			targetProxy = DA2ABE35235501F200ED8128 /* PBXContainerItemProxy */;
		};
		DA2ABE41235501F200ED8128 /* PBXTargetDependency */ = {
			isa = PBXTargetDependency;
			target = DA2ABE1D235501F100ED8128 /* CalculatorStoryboard */;
			targetProxy = DA2ABE40235501F200ED8128 /* PBXContainerItemProxy */;
		};
/* End PBXTargetDependency section */

/* Begin PBXVariantGroup section */
		DA2ABE27235501F100ED8128 /* Main.storyboard */ = {
			isa = PBXVariantGroup;
			children = (
				DA2ABE28235501F100ED8128 /* Base */,
			);
			name = Main.storyboard;
			sourceTree = "<group>";
		};
		DA2ABE2C235501F200ED8128 /* LaunchScreen.storyboard */ = {
			isa = PBXVariantGroup;
			children = (
				DA2ABE2D235501F200ED8128 /* Base */,
			);
			name = LaunchScreen.storyboard;
			sourceTree = "<group>";
		};
/* End PBXVariantGroup section */

/* Begin XCBuildConfiguration section */
		DA2ABE46235501F200ED8128 /* Debug */ = {
			isa = XCBuildConfiguration;
			buildSettings = {
				ALWAYS_SEARCH_USER_PATHS = NO;
				CLANG_ANALYZER_NONNULL = YES;
				CLANG_ANALYZER_NUMBER_OBJECT_CONVERSION = YES_AGGRESSIVE;
				CLANG_CXX_LANGUAGE_STANDARD = "gnu++14";
				CLANG_CXX_LIBRARY = "libc++";
				CLANG_ENABLE_MODULES = YES;
				CLANG_ENABLE_OBJC_ARC = YES;
				CLANG_ENABLE_OBJC_WEAK = YES;
				CLANG_WARN_BLOCK_CAPTURE_AUTORELEASING = YES;
				CLANG_WARN_BOOL_CONVERSION = YES;
				CLANG_WARN_COMMA = YES;
				CLANG_WARN_CONSTANT_CONVERSION = YES;
				CLANG_WARN_DEPRECATED_OBJC_IMPLEMENTATIONS = YES;
				CLANG_WARN_DIRECT_OBJC_ISA_USAGE = YES_ERROR;
				CLANG_WARN_DOCUMENTATION_COMMENTS = YES;
				CLANG_WARN_EMPTY_BODY = YES;
				CLANG_WARN_ENUM_CONVERSION = YES;
				CLANG_WARN_INFINITE_RECURSION = YES;
				CLANG_WARN_INT_CONVERSION = YES;
				CLANG_WARN_NON_LITERAL_NULL_CONVERSION = YES;
				CLANG_WARN_OBJC_IMPLICIT_RETAIN_SELF = YES;
				CLANG_WARN_OBJC_LITERAL_CONVERSION = YES;
				CLANG_WARN_OBJC_ROOT_CLASS = YES_ERROR;
				CLANG_WARN_RANGE_LOOP_ANALYSIS = YES;
				CLANG_WARN_STRICT_PROTOTYPES = YES;
				CLANG_WARN_SUSPICIOUS_MOVE = YES;
				CLANG_WARN_UNGUARDED_AVAILABILITY = YES_AGGRESSIVE;
				CLANG_WARN_UNREACHABLE_CODE = YES;
				CLANG_WARN__DUPLICATE_METHOD_MATCH = YES;
				COPY_PHASE_STRIP = NO;
				DEBUG_INFORMATION_FORMAT = dwarf;
				ENABLE_STRICT_OBJC_MSGSEND = YES;
				ENABLE_TESTABILITY = YES;
				GCC_C_LANGUAGE_STANDARD = gnu11;
				GCC_DYNAMIC_NO_PIC = NO;
				GCC_NO_COMMON_BLOCKS = YES;
				GCC_OPTIMIZATION_LEVEL = 0;
				GCC_PREPROCESSOR_DEFINITIONS = (
					"DEBUG=1",
					"$(inherited)",
				);
				GCC_WARN_64_TO_32_BIT_CONVERSION = YES;
				GCC_WARN_ABOUT_RETURN_TYPE = YES_ERROR;
				GCC_WARN_UNDECLARED_SELECTOR = YES;
				GCC_WARN_UNINITIALIZED_AUTOS = YES_AGGRESSIVE;
				GCC_WARN_UNUSED_FUNCTION = YES;
				GCC_WARN_UNUSED_VARIABLE = YES;
				IPHONEOS_DEPLOYMENT_TARGET = 13.0;
				MTL_ENABLE_DEBUG_INFO = INCLUDE_SOURCE;
				MTL_FAST_MATH = YES;
				ONLY_ACTIVE_ARCH = YES;
				SDKROOT = iphoneos;
				SWIFT_ACTIVE_COMPILATION_CONDITIONS = DEBUG;
				SWIFT_OPTIMIZATION_LEVEL = "-Onone";
			};
			name = Debug;
		};
		DA2ABE47235501F200ED8128 /* Release */ = {
			isa = XCBuildConfiguration;
			buildSettings = {
				ALWAYS_SEARCH_USER_PATHS = NO;
				CLANG_ANALYZER_NONNULL = YES;
				CLANG_ANALYZER_NUMBER_OBJECT_CONVERSION = YES_AGGRESSIVE;
				CLANG_CXX_LANGUAGE_STANDARD = "gnu++14";
				CLANG_CXX_LIBRARY = "libc++";
				CLANG_ENABLE_MODULES = YES;
				CLANG_ENABLE_OBJC_ARC = YES;
				CLANG_ENABLE_OBJC_WEAK = YES;
				CLANG_WARN_BLOCK_CAPTURE_AUTORELEASING = YES;
				CLANG_WARN_BOOL_CONVERSION = YES;
				CLANG_WARN_COMMA = YES;
				CLANG_WARN_CONSTANT_CONVERSION = YES;
				CLANG_WARN_DEPRECATED_OBJC_IMPLEMENTATIONS = YES;
				CLANG_WARN_DIRECT_OBJC_ISA_USAGE = YES_ERROR;
				CLANG_WARN_DOCUMENTATION_COMMENTS = YES;
				CLANG_WARN_EMPTY_BODY = YES;
				CLANG_WARN_ENUM_CONVERSION = YES;
				CLANG_WARN_INFINITE_RECURSION = YES;
				CLANG_WARN_INT_CONVERSION = YES;
				CLANG_WARN_NON_LITERAL_NULL_CONVERSION = YES;
				CLANG_WARN_OBJC_IMPLICIT_RETAIN_SELF = YES;
				CLANG_WARN_OBJC_LITERAL_CONVERSION = YES;
				CLANG_WARN_OBJC_ROOT_CLASS = YES_ERROR;
				CLANG_WARN_RANGE_LOOP_ANALYSIS = YES;
				CLANG_WARN_STRICT_PROTOTYPES = YES;
				CLANG_WARN_SUSPICIOUS_MOVE = YES;
				CLANG_WARN_UNGUARDED_AVAILABILITY = YES_AGGRESSIVE;
				CLANG_WARN_UNREACHABLE_CODE = YES;
				CLANG_WARN__DUPLICATE_METHOD_MATCH = YES;
				COPY_PHASE_STRIP = NO;
				DEBUG_INFORMATION_FORMAT = "dwarf-with-dsym";
				ENABLE_NS_ASSERTIONS = NO;
				ENABLE_STRICT_OBJC_MSGSEND = YES;
				GCC_C_LANGUAGE_STANDARD = gnu11;
				GCC_NO_COMMON_BLOCKS = YES;
				GCC_WARN_64_TO_32_BIT_CONVERSION = YES;
				GCC_WARN_ABOUT_RETURN_TYPE = YES_ERROR;
				GCC_WARN_UNDECLARED_SELECTOR = YES;
				GCC_WARN_UNINITIALIZED_AUTOS = YES_AGGRESSIVE;
				GCC_WARN_UNUSED_FUNCTION = YES;
				GCC_WARN_UNUSED_VARIABLE = YES;
				IPHONEOS_DEPLOYMENT_TARGET = 13.0;
				MTL_ENABLE_DEBUG_INFO = NO;
				MTL_FAST_MATH = YES;
				SDKROOT = iphoneos;
				SWIFT_COMPILATION_MODE = wholemodule;
				SWIFT_OPTIMIZATION_LEVEL = "-O";
				VALIDATE_PRODUCT = YES;
			};
			name = Release;
		};
		DA2ABE49235501F200ED8128 /* Debug */ = {
			isa = XCBuildConfiguration;
			buildSettings = {
				ASSETCATALOG_COMPILER_APPICON_NAME = AppIcon;
				CODE_SIGN_STYLE = Automatic;
				INFOPLIST_FILE = CalculatorStoryboard/Info.plist;
				LD_RUNPATH_SEARCH_PATHS = (
					"$(inherited)",
					"@executable_path/Frameworks",
				);
				PRODUCT_BUNDLE_IDENTIFIER = PavloProjects.CalculatorStoryboard;
				PRODUCT_NAME = "$(TARGET_NAME)";
				SWIFT_VERSION = 5.0;
				TARGETED_DEVICE_FAMILY = "1,2";
			};
			name = Debug;
		};
		DA2ABE4A235501F200ED8128 /* Release */ = {
			isa = XCBuildConfiguration;
			buildSettings = {
				ASSETCATALOG_COMPILER_APPICON_NAME = AppIcon;
				CODE_SIGN_STYLE = Automatic;
				INFOPLIST_FILE = CalculatorStoryboard/Info.plist;
				LD_RUNPATH_SEARCH_PATHS = (
					"$(inherited)",
					"@executable_path/Frameworks",
				);
				PRODUCT_BUNDLE_IDENTIFIER = PavloProjects.CalculatorStoryboard;
				PRODUCT_NAME = "$(TARGET_NAME)";
				SWIFT_VERSION = 5.0;
				TARGETED_DEVICE_FAMILY = "1,2";
			};
			name = Release;
		};
		DA2ABE4C235501F200ED8128 /* Debug */ = {
			isa = XCBuildConfiguration;
			buildSettings = {
				ALWAYS_EMBED_SWIFT_STANDARD_LIBRARIES = YES;
				BUNDLE_LOADER = "$(TEST_HOST)";
				CODE_SIGN_STYLE = Automatic;
				INFOPLIST_FILE = CalculatorStoryboardTests/Info.plist;
				IPHONEOS_DEPLOYMENT_TARGET = 13.0;
				LD_RUNPATH_SEARCH_PATHS = (
					"$(inherited)",
					"@executable_path/Frameworks",
					"@loader_path/Frameworks",
				);
				PRODUCT_BUNDLE_IDENTIFIER = PavloProjects.CalculatorStoryboardTests;
				PRODUCT_NAME = "$(TARGET_NAME)";
				SWIFT_VERSION = 5.0;
				TARGETED_DEVICE_FAMILY = "1,2";
				TEST_HOST = "$(BUILT_PRODUCTS_DIR)/CalculatorStoryboard.app/CalculatorStoryboard";
			};
			name = Debug;
		};
		DA2ABE4D235501F200ED8128 /* Release */ = {
			isa = XCBuildConfiguration;
			buildSettings = {
				ALWAYS_EMBED_SWIFT_STANDARD_LIBRARIES = YES;
				BUNDLE_LOADER = "$(TEST_HOST)";
				CODE_SIGN_STYLE = Automatic;
				INFOPLIST_FILE = CalculatorStoryboardTests/Info.plist;
				IPHONEOS_DEPLOYMENT_TARGET = 13.0;
				LD_RUNPATH_SEARCH_PATHS = (
					"$(inherited)",
					"@executable_path/Frameworks",
					"@loader_path/Frameworks",
				);
				PRODUCT_BUNDLE_IDENTIFIER = PavloProjects.CalculatorStoryboardTests;
				PRODUCT_NAME = "$(TARGET_NAME)";
				SWIFT_VERSION = 5.0;
				TARGETED_DEVICE_FAMILY = "1,2";
				TEST_HOST = "$(BUILT_PRODUCTS_DIR)/CalculatorStoryboard.app/CalculatorStoryboard";
			};
			name = Release;
		};
		DA2ABE4F235501F200ED8128 /* Debug */ = {
			isa = XCBuildConfiguration;
			buildSettings = {
				ALWAYS_EMBED_SWIFT_STANDARD_LIBRARIES = YES;
				CODE_SIGN_STYLE = Automatic;
				INFOPLIST_FILE = CalculatorStoryboardUITests/Info.plist;
				LD_RUNPATH_SEARCH_PATHS = (
					"$(inherited)",
					"@executable_path/Frameworks",
					"@loader_path/Frameworks",
				);
				PRODUCT_BUNDLE_IDENTIFIER = PavloProjects.CalculatorStoryboardUITests;
				PRODUCT_NAME = "$(TARGET_NAME)";
				SWIFT_VERSION = 5.0;
				TARGETED_DEVICE_FAMILY = "1,2";
				TEST_TARGET_NAME = CalculatorStoryboard;
			};
			name = Debug;
		};
		DA2ABE50235501F200ED8128 /* Release */ = {
			isa = XCBuildConfiguration;
			buildSettings = {
				ALWAYS_EMBED_SWIFT_STANDARD_LIBRARIES = YES;
				CODE_SIGN_STYLE = Automatic;
				INFOPLIST_FILE = CalculatorStoryboardUITests/Info.plist;
				LD_RUNPATH_SEARCH_PATHS = (
					"$(inherited)",
					"@executable_path/Frameworks",
					"@loader_path/Frameworks",
				);
				PRODUCT_BUNDLE_IDENTIFIER = PavloProjects.CalculatorStoryboardUITests;
				PRODUCT_NAME = "$(TARGET_NAME)";
				SWIFT_VERSION = 5.0;
				TARGETED_DEVICE_FAMILY = "1,2";
				TEST_TARGET_NAME = CalculatorStoryboard;
			};
			name = Release;
		};
/* End XCBuildConfiguration section */

/* Begin XCConfigurationList section */
		DA2ABE19235501F100ED8128 /* Build configuration list for PBXProject "CalculatorStoryboard" */ = {
			isa = XCConfigurationList;
			buildConfigurations = (
				DA2ABE46235501F200ED8128 /* Debug */,
				DA2ABE47235501F200ED8128 /* Release */,
			);
			defaultConfigurationIsVisible = 0;
			defaultConfigurationName = Release;
		};
		DA2ABE48235501F200ED8128 /* Build configuration list for PBXNativeTarget "CalculatorStoryboard" */ = {
			isa = XCConfigurationList;
			buildConfigurations = (
				DA2ABE49235501F200ED8128 /* Debug */,
				DA2ABE4A235501F200ED8128 /* Release */,
			);
			defaultConfigurationIsVisible = 0;
			defaultConfigurationName = Release;
		};
		DA2ABE4B235501F200ED8128 /* Build configuration list for PBXNativeTarget "CalculatorStoryboardTests" */ = {
			isa = XCConfigurationList;
			buildConfigurations = (
				DA2ABE4C235501F200ED8128 /* Debug */,
				DA2ABE4D235501F200ED8128 /* Release */,
			);
			defaultConfigurationIsVisible = 0;
			defaultConfigurationName = Release;
		};
		DA2ABE4E235501F200ED8128 /* Build configuration list for PBXNativeTarget "CalculatorStoryboardUITests" */ = {
			isa = XCConfigurationList;
			buildConfigurations = (
				DA2ABE4F235501F200ED8128 /* Debug */,
				DA2ABE50235501F200ED8128 /* Release */,
			);
			defaultConfigurationIsVisible = 0;
			defaultConfigurationName = Release;
		};
/* End XCConfigurationList section */
	};
	rootObject = DA2ABE16235501F100ED8128 /* Project object */;
}
